
Microsoft Visual Studio Solution File, Format Version 12.00
# Visual Studio Version 17
VisualStudioVersion = 17.1.32421.90
MinimumVisualStudioVersion = 10.0.40219.1
Project("{FAE04EC0-301F-11D3-BF4B-00C04F79EFBC}") = "HTTPFundamentals.Listener", "HTTPFundamentals.Listener\HTTPFundamentals.Listener.csproj", "{EB2ECFBD-85F6-4ABB-8E35-02983DA77AF0}"
EndProject
Project("{FAE04EC0-301F-11D3-BF4B-00C04F79EFBC}") = "HTTPFundamentals.Client", "HTTPFundamentals.Client\HTTPFundamentals.Client.csproj", "{4556BEDE-6FFC-4BA1-9942-C239EC4345EF}"
EndProject
Global
	GlobalSection(SolutionConfigurationPlatforms) = preSolution
		Debug|Any CPU = Debug|Any CPU
		Release|Any CPU = Release|Any CPU
	EndGlobalSection
	GlobalSection(ProjectConfigurationPlatforms) = postSolution
		{EB2ECFBD-85F6-4ABB-8E35-02983DA77AF0}.Debug|Any CPU.ActiveCfg = Debug|Any CPU
		{EB2ECFBD-85F6-4ABB-8E35-02983DA77AF0}.Debug|Any CPU.Build.0 = Debug|Any CPU
		{EB2ECFBD-85F6-4ABB-8E35-02983DA77AF0}.Release|Any CPU.ActiveCfg = Release|Any CPU
		{EB2ECFBD-85F6-4ABB-8E35-02983DA77AF0}.Release|Any CPU.Build.0 = Release|Any CPU
		{4556BEDE-6FFC-4BA1-9942-C239EC4345EF}.Debug|Any CPU.ActiveCfg = Debug|Any CPU
		{4556BEDE-6FFC-4BA1-9942-C239EC4345EF}.Debug|Any CPU.Build.0 = Debug|Any CPU
		{4556BEDE-6FFC-4BA1-9942-C239EC4345EF}.Release|Any CPU.ActiveCfg = Release|Any CPU
		{4556BEDE-6FFC-4BA1-9942-C239EC4345EF}.Release|Any CPU.Build.0 = Release|Any CPU
	EndGlobalSection
	GlobalSection(SolutionProperties) = preSolution
		HideSolutionNode = FALSE
	EndGlobalSection
	GlobalSection(ExtensibilityGlobals) = postSolution
		SolutionGuid = {3A2A63E2-3B82-408A-B3EA-6091E5544CBD}
	EndGlobalSection
EndGlobal
